
Microsoft Visual Studio Solution File, Format Version 12.00
# Visual Studio Version 17
VisualStudioVersion = 17.1.32421.90
MinimumVisualStudioVersion = 10.0.40219.1
Project("{FAE04EC0-301F-11D3-BF4B-00C04F79EFBC}") = "AdminView", "AdminView\AdminView.csproj", "{38B7A051-54AB-4203-AFBB-291B4A272A4C}"
EndProject
Project("{FAE04EC0-301F-11D3-BF4B-00C04F79EFBC}") = "StoreView", "StoreView\StoreView.csproj", "{2A2D0FEB-0F7F-40B7-B31B-9B03C02B3AFB}"
EndProject
Global
	GlobalSection(SolutionConfigurationPlatforms) = preSolution
		Debug|Any CPU = Debug|Any CPU
		Release|Any CPU = Release|Any CPU
	EndGlobalSection
	GlobalSection(ProjectConfigurationPlatforms) = postSolution
		{38B7A051-54AB-4203-AFBB-291B4A272A4C}.Debug|Any CPU.ActiveCfg = Debug|Any CPU
		{38B7A051-54AB-4203-AFBB-291B4A272A4C}.Debug|Any CPU.Build.0 = Debug|Any CPU
		{38B7A051-54AB-4203-AFBB-291B4A272A4C}.Release|Any CPU.ActiveCfg = Release|Any CPU
		{38B7A051-54AB-4203-AFBB-291B4A272A4C}.Release|Any CPU.Build.0 = Release|Any CPU
		{2A2D0FEB-0F7F-40B7-B31B-9B03C02B3AFB}.Debug|Any CPU.ActiveCfg = Debug|Any CPU
		{2A2D0FEB-0F7F-40B7-B31B-9B03C02B3AFB}.Debug|Any CPU.Build.0 = Debug|Any CPU
		{2A2D0FEB-0F7F-40B7-B31B-9B03C02B3AFB}.Release|Any CPU.ActiveCfg = Release|Any CPU
		{2A2D0FEB-0F7F-40B7-B31B-9B03C02B3AFB}.Release|Any CPU.Build.0 = Release|Any CPU
	EndGlobalSection
	GlobalSection(SolutionProperties) = preSolution
		HideSolutionNode = FALSE
	EndGlobalSection
	GlobalSection(ExtensibilityGlobals) = postSolution
		SolutionGuid = {DB390048-FE5E-496C-99DA-893F9F37E338}
	EndGlobalSection
EndGlobal
